
Microsoft Visual Studio Solution File, Format Version 12.00
# Visual Studio Version 16
VisualStudioVersion = 16.0.30611.23
MinimumVisualStudioVersion = 10.0.40219.1
Project("{FAE04EC0-301F-11D3-BF4B-00C04F79EFBC}") = "Laboratorium2", "Laboratorium2\Laboratorium2.csproj", "{76FED52E-6CCD-47FF-ABBB-70E06B460027}"
EndProject
Global
	GlobalSection(SolutionConfigurationPlatforms) = preSolution
		Debug|Any CPU = Debug|Any CPU
		Release|Any CPU = Release|Any CPU
	EndGlobalSection
	GlobalSection(ProjectConfigurationPlatforms) = postSolution
		{76FED52E-6CCD-47FF-ABBB-70E06B460027}.Debug|Any CPU.ActiveCfg = Debug|Any CPU
		{76FED52E-6CCD-47FF-ABBB-70E06B460027}.Debug|Any CPU.Build.0 = Debug|Any CPU
		{76FED52E-6CCD-47FF-ABBB-70E06B460027}.Release|Any CPU.ActiveCfg = Release|Any CPU
		{76FED52E-6CCD-47FF-ABBB-70E06B460027}.Release|Any CPU.Build.0 = Release|Any CPU
	EndGlobalSection
	GlobalSection(SolutionProperties) = preSolution
		HideSolutionNode = FALSE
	EndGlobalSection
	GlobalSection(ExtensibilityGlobals) = postSolution
		SolutionGuid = {7B3FD793-C784-41C4-8200-3AA5944517DD}
	EndGlobalSection
EndGlobal
